
Microsoft Visual Studio Solution File, Format Version 12.00
# Visual Studio Version 16
VisualStudioVersion = 16.0.32428.217
MinimumVisualStudioVersion = 10.0.40219.1
Project("{FAE04EC0-301F-11D3-BF4B-00C04F79EFBC}") = "BlogDia12", "BlogDia12.csproj", "{A753F5CE-1B40-49E4-B905-3D5C86AA4D88}"
EndProject
Global
	GlobalSection(SolutionConfigurationPlatforms) = preSolution
		Debug|Any CPU = Debug|Any CPU
		Release|Any CPU = Release|Any CPU
	EndGlobalSection
	GlobalSection(ProjectConfigurationPlatforms) = postSolution
		{A753F5CE-1B40-49E4-B905-3D5C86AA4D88}.Debug|Any CPU.ActiveCfg = Debug|Any CPU
		{A753F5CE-1B40-49E4-B905-3D5C86AA4D88}.Debug|Any CPU.Build.0 = Debug|Any CPU
		{A753F5CE-1B40-49E4-B905-3D5C86AA4D88}.Release|Any CPU.ActiveCfg = Release|Any CPU
		{A753F5CE-1B40-49E4-B905-3D5C86AA4D88}.Release|Any CPU.Build.0 = Release|Any CPU
	EndGlobalSection
	GlobalSection(SolutionProperties) = preSolution
		HideSolutionNode = FALSE
	EndGlobalSection
	GlobalSection(ExtensibilityGlobals) = postSolution
		SolutionGuid = {E953D12B-2019-4368-8354-809C8B4CBDA2}
	EndGlobalSection
EndGlobal
